
Microsoft Visual Studio Solution File, Format Version 12.00
# Visual Studio Version 17
VisualStudioVersion = 17.11.35222.181
MinimumVisualStudioVersion = 10.0.40219.1
Project("{FAE04EC0-301F-11D3-BF4B-00C04F79EFBC}") = "ContactAppMiniProject", "ContactAppMiniProject\ContactAppMiniProject.csproj", "{F1BDBD60-B288-48A3-B537-E87EBB6887EF}"
EndProject
Global
	GlobalSection(SolutionConfigurationPlatforms) = preSolution
		Debug|Any CPU = Debug|Any CPU
		Release|Any CPU = Release|Any CPU
	EndGlobalSection
	GlobalSection(ProjectConfigurationPlatforms) = postSolution
		{F1BDBD60-B288-48A3-B537-E87EBB6887EF}.Debug|Any CPU.ActiveCfg = Debug|Any CPU
		{F1BDBD60-B288-48A3-B537-E87EBB6887EF}.Debug|Any CPU.Build.0 = Debug|Any CPU
		{F1BDBD60-B288-48A3-B537-E87EBB6887EF}.Release|Any CPU.ActiveCfg = Release|Any CPU
		{F1BDBD60-B288-48A3-B537-E87EBB6887EF}.Release|Any CPU.Build.0 = Release|Any CPU
	EndGlobalSection
	GlobalSection(SolutionProperties) = preSolution
		HideSolutionNode = FALSE
	EndGlobalSection
	GlobalSection(ExtensibilityGlobals) = postSolution
		SolutionGuid = {232720F1-9E3A-44D9-A8CC-1B7560FC47F0}
	EndGlobalSection
EndGlobal
